
Microsoft Visual Studio Solution File, Format Version 12.00
# Visual Studio 15
VisualStudioVersion = 15.0.27130.2036
MinimumVisualStudioVersion = 10.0.40219.1
Project("{FAE04EC0-301F-11D3-BF4B-00C04F79EFBC}") = "Marbles", "Marbles\Marbles.csproj", "{DCC04A7E-1137-4BD3-B137-BB13DF37CE65}"
EndProject
Global
	GlobalSection(SolutionConfigurationPlatforms) = preSolution
		Debug|Any CPU = Debug|Any CPU
		Release|Any CPU = Release|Any CPU
	EndGlobalSection
	GlobalSection(ProjectConfigurationPlatforms) = postSolution
		{DCC04A7E-1137-4BD3-B137-BB13DF37CE65}.Debug|Any CPU.ActiveCfg = Debug|Any CPU
		{DCC04A7E-1137-4BD3-B137-BB13DF37CE65}.Debug|Any CPU.Build.0 = Debug|Any CPU
		{DCC04A7E-1137-4BD3-B137-BB13DF37CE65}.Release|Any CPU.ActiveCfg = Release|Any CPU
		{DCC04A7E-1137-4BD3-B137-BB13DF37CE65}.Release|Any CPU.Build.0 = Release|Any CPU
	EndGlobalSection
	GlobalSection(SolutionProperties) = preSolution
		HideSolutionNode = FALSE
	EndGlobalSection
	GlobalSection(ExtensibilityGlobals) = postSolution
		SolutionGuid = {C5BCED53-C7D9-4660-9DF7-5606FEA304CA}
	EndGlobalSection
EndGlobal
